
Microsoft Visual Studio Solution File, Format Version 12.00
# Visual Studio Version 16
VisualStudioVersion = 16.0.29009.5
MinimumVisualStudioVersion = 10.0.40219.1
Project("{9A19103F-16F7-4668-BE54-9A1E7A4F7556}") = "Mute.Tests", "Mute.Tests\Mute.Tests.csproj", "{A00E0A75-BB9C-47A8-BBBA-6D70BD43F660}"
EndProject
Project("{9A19103F-16F7-4668-BE54-9A1E7A4F7556}") = "Mute.Moe", "Mute.Moe\Mute.Moe.csproj", "{542219CF-DAC3-45BD-BD85-59DDB2133D58}"
EndProject
Global
	GlobalSection(SolutionConfigurationPlatforms) = preSolution
		Debug|Any CPU = Debug|Any CPU
		Debug|x64 = Debug|x64
		Debug|x86 = Debug|x86
		Release|Any CPU = Release|Any CPU
		Release|x64 = Release|x64
		Release|x86 = Release|x86
	EndGlobalSection
	GlobalSection(ProjectConfigurationPlatforms) = postSolution
		{A00E0A75-BB9C-47A8-BBBA-6D70BD43F660}.Debug|Any CPU.ActiveCfg = Debug|Any CPU
		{A00E0A75-BB9C-47A8-BBBA-6D70BD43F660}.Debug|Any CPU.Build.0 = Debug|Any CPU
		{A00E0A75-BB9C-47A8-BBBA-6D70BD43F660}.Debug|x64.ActiveCfg = Debug|Any CPU
		{A00E0A75-BB9C-47A8-BBBA-6D70BD43F660}.Debug|x64.Build.0 = Debug|Any CPU
		{A00E0A75-BB9C-47A8-BBBA-6D70BD43F660}.Debug|x86.ActiveCfg = Debug|Any CPU
		{A00E0A75-BB9C-47A8-BBBA-6D70BD43F660}.Debug|x86.Build.0 = Debug|Any CPU
		{A00E0A75-BB9C-47A8-BBBA-6D70BD43F660}.Release|Any CPU.ActiveCfg = Release|Any CPU
		{A00E0A75-BB9C-47A8-BBBA-6D70BD43F660}.Release|Any CPU.Build.0 = Release|Any CPU
		{A00E0A75-BB9C-47A8-BBBA-6D70BD43F660}.Release|x64.ActiveCfg = Release|Any CPU
		{A00E0A75-BB9C-47A8-BBBA-6D70BD43F660}.Release|x64.Build.0 = Release|Any CPU
		{A00E0A75-BB9C-47A8-BBBA-6D70BD43F660}.Release|x86.ActiveCfg = Release|Any CPU
		{A00E0A75-BB9C-47A8-BBBA-6D70BD43F660}.Release|x86.Build.0 = Release|Any CPU
		{542219CF-DAC3-45BD-BD85-59DDB2133D58}.Debug|Any CPU.ActiveCfg = Debug|Any CPU
		{542219CF-DAC3-45BD-BD85-59DDB2133D58}.Debug|Any CPU.Build.0 = Debug|Any CPU
		{542219CF-DAC3-45BD-BD85-59DDB2133D58}.Debug|x64.ActiveCfg = Debug|Any CPU
		{542219CF-DAC3-45BD-BD85-59DDB2133D58}.Debug|x64.Build.0 = Debug|Any CPU
		{542219CF-DAC3-45BD-BD85-59DDB2133D58}.Debug|x86.ActiveCfg = Debug|Any CPU
		{542219CF-DAC3-45BD-BD85-59DDB2133D58}.Debug|x86.Build.0 = Debug|Any CPU
		{542219CF-DAC3-45BD-BD85-59DDB2133D58}.Release|Any CPU.ActiveCfg = Release|Any CPU
		{542219CF-DAC3-45BD-BD85-59DDB2133D58}.Release|Any CPU.Build.0 = Release|Any CPU
		{542219CF-DAC3-45BD-BD85-59DDB2133D58}.Release|x64.ActiveCfg = Release|Any CPU
		{542219CF-DAC3-45BD-BD85-59DDB2133D58}.Release|x64.Build.0 = Release|Any CPU
		{542219CF-DAC3-45BD-BD85-59DDB2133D58}.Release|x86.ActiveCfg = Release|Any CPU
		{542219CF-DAC3-45BD-BD85-59DDB2133D58}.Release|x86.Build.0 = Release|Any CPU
	EndGlobalSection
	GlobalSection(SolutionProperties) = preSolution
		HideSolutionNode = FALSE
	EndGlobalSection
	GlobalSection(ExtensibilityGlobals) = postSolution
		SolutionGuid = {8C6B79AB-BC2D-44AC-9F16-968805A9CB51}
	EndGlobalSection
EndGlobal
